
Microsoft Visual Studio Solution File, Format Version 12.00
# Visual Studio Version 17
VisualStudioVersion = 17.7.34031.279
MinimumVisualStudioVersion = 10.0.40219.1
Project("{8BC9CEB8-8B4A-11D0-8D11-00A0C91BC942}") = "UF3 EJEMPLO", "UF3 EJEMPLO.vcxproj", "{CDA5DA5E-182D-4CDA-B90F-EEC2FDBE40AE}"
EndProject
Global
	GlobalSection(SolutionConfigurationPlatforms) = preSolution
		Debug|x64 = Debug|x64
		Debug|x86 = Debug|x86
		Release|x64 = Release|x64
		Release|x86 = Release|x86
	EndGlobalSection
	GlobalSection(ProjectConfigurationPlatforms) = postSolution
		{CDA5DA5E-182D-4CDA-B90F-EEC2FDBE40AE}.Debug|x64.ActiveCfg = Debug|x64
		{CDA5DA5E-182D-4CDA-B90F-EEC2FDBE40AE}.Debug|x64.Build.0 = Debug|x64
		{CDA5DA5E-182D-4CDA-B90F-EEC2FDBE40AE}.Debug|x86.ActiveCfg = Debug|Win32
		{CDA5DA5E-182D-4CDA-B90F-EEC2FDBE40AE}.Debug|x86.Build.0 = Debug|Win32
		{CDA5DA5E-182D-4CDA-B90F-EEC2FDBE40AE}.Release|x64.ActiveCfg = Release|x64
		{CDA5DA5E-182D-4CDA-B90F-EEC2FDBE40AE}.Release|x64.Build.0 = Release|x64
		{CDA5DA5E-182D-4CDA-B90F-EEC2FDBE40AE}.Release|x86.ActiveCfg = Release|Win32
		{CDA5DA5E-182D-4CDA-B90F-EEC2FDBE40AE}.Release|x86.Build.0 = Release|Win32
	EndGlobalSection
	GlobalSection(SolutionProperties) = preSolution
		HideSolutionNode = FALSE
	EndGlobalSection
	GlobalSection(ExtensibilityGlobals) = postSolution
		SolutionGuid = {DEEA2962-DCD9-4423-84BB-AC5634023654}
	EndGlobalSection
EndGlobal
